
Microsoft Visual Studio Solution File, Format Version 12.00
# Visual Studio Version 16
VisualStudioVersion = 16.0.29411.108
MinimumVisualStudioVersion = 10.0.40219.1
Project("{FAE04EC0-301F-11D3-BF4B-00C04F79EFBC}") = "Test Moot Up", "Test Moot Up.csproj", "{2726D186-90C8-45E9-A51D-AEC034A565D0}"
EndProject
Global
	GlobalSection(SolutionConfigurationPlatforms) = preSolution
		Debug|Any CPU = Debug|Any CPU
		Release|Any CPU = Release|Any CPU
	EndGlobalSection
	GlobalSection(ProjectConfigurationPlatforms) = postSolution
		{2726D186-90C8-45E9-A51D-AEC034A565D0}.Debug|Any CPU.ActiveCfg = Debug|Any CPU
		{2726D186-90C8-45E9-A51D-AEC034A565D0}.Debug|Any CPU.Build.0 = Debug|Any CPU
		{2726D186-90C8-45E9-A51D-AEC034A565D0}.Release|Any CPU.ActiveCfg = Release|Any CPU
		{2726D186-90C8-45E9-A51D-AEC034A565D0}.Release|Any CPU.Build.0 = Release|Any CPU
	EndGlobalSection
	GlobalSection(SolutionProperties) = preSolution
		HideSolutionNode = FALSE
	EndGlobalSection
	GlobalSection(ExtensibilityGlobals) = postSolution
		SolutionGuid = {806B6F1C-650B-424F-9913-E51E9488D9C7}
	EndGlobalSection
EndGlobal
